
Microsoft Visual Studio Solution File, Format Version 12.00
# Visual Studio 15
Project("{FAE04EC0-301F-11D3-BF4B-00C04F79EFBC}") = "Assembly-CSharp", "Assembly-CSharp.csproj", "{78EA35A4-8584-8F98-DB59-EE553506C7AD}"
EndProject
Project("{FAE04EC0-301F-11D3-BF4B-00C04F79EFBC}") = "Assembly-CSharp-Editor", "Assembly-CSharp-Editor.csproj", "{72BBAFD5-C8D9-092C-5B96-EC858DCA42B7}"
EndProject
Global
	GlobalSection(SolutionConfigurationPlatforms) = preSolution
		Debug|Any CPU = Debug|Any CPU
		Release|Any CPU = Release|Any CPU
	EndGlobalSection
	GlobalSection(ProjectConfigurationPlatforms) = postSolution
		{78EA35A4-8584-8F98-DB59-EE553506C7AD}.Debug|Any CPU.ActiveCfg = Debug|Any CPU
		{78EA35A4-8584-8F98-DB59-EE553506C7AD}.Debug|Any CPU.Build.0 = Debug|Any CPU
		{78EA35A4-8584-8F98-DB59-EE553506C7AD}.Release|Any CPU.ActiveCfg = Release|Any CPU
		{78EA35A4-8584-8F98-DB59-EE553506C7AD}.Release|Any CPU.Build.0 = Release|Any CPU
		{72BBAFD5-C8D9-092C-5B96-EC858DCA42B7}.Debug|Any CPU.ActiveCfg = Debug|Any CPU
		{72BBAFD5-C8D9-092C-5B96-EC858DCA42B7}.Debug|Any CPU.Build.0 = Debug|Any CPU
		{72BBAFD5-C8D9-092C-5B96-EC858DCA42B7}.Release|Any CPU.ActiveCfg = Release|Any CPU
		{72BBAFD5-C8D9-092C-5B96-EC858DCA42B7}.Release|Any CPU.Build.0 = Release|Any CPU
	EndGlobalSection
	GlobalSection(SolutionProperties) = preSolution
		HideSolutionNode = FALSE
	EndGlobalSection
EndGlobal
